
Microsoft Visual Studio Solution File, Format Version 9.00
# Visual Studio 2005
Project("{FAE04EC0-301F-11D3-BF4B-00C04F79EFBC}") = "TestApp", "TestApp.csproj", "{DA9740E6-98D5-4407-AB94-7EE18BA0213C}"
	ProjectSection(WebsiteProperties) = preProject
		Debug.AspNetCompiler.Debug = "True"
		Release.AspNetCompiler.Debug = "False"
	EndProjectSection
EndProject
Global
	GlobalSection(SolutionConfigurationPlatforms) = preSolution
		Debug|Any CPU = Debug|Any CPU
		Release|Any CPU = Release|Any CPU
	EndGlobalSection
	GlobalSection(ProjectConfigurationPlatforms) = postSolution
		{DA9740E6-98D5-4407-AB94-7EE18BA0213C}.Debug|Any CPU.ActiveCfg = Debug|Any CPU
		{DA9740E6-98D5-4407-AB94-7EE18BA0213C}.Debug|Any CPU.Build.0 = Debug|Any CPU
		{DA9740E6-98D5-4407-AB94-7EE18BA0213C}.Release|Any CPU.ActiveCfg = Release|Any CPU
		{DA9740E6-98D5-4407-AB94-7EE18BA0213C}.Release|Any CPU.Build.0 = Release|Any CPU
	EndGlobalSection
	GlobalSection(SolutionProperties) = preSolution
		HideSolutionNode = FALSE
	EndGlobalSection
EndGlobal
