Microsoft Visual Studio Solution File, Format Version 8.00
Project("{8BC9CEB8-8B4A-11D0-8D11-00A0C91BC942}") = "EncoderLib", "EncoderLib\EncoderLib.vcproj", "{6FE0A0EE-A6C2-4187-B926-E22ED4A61576}"
	ProjectSection(ProjectDependencies) = postProject
	EndProjectSection
EndProject
Global
	GlobalSection(SolutionConfiguration) = preSolution
		Deb_S60_31_WINSCW = Deb_S60_31_WINSCW
		Debug = Debug
		Rel_S60_31_GCCE = Rel_S60_31_GCCE
		Release = Release
	EndGlobalSection
	GlobalSection(ProjectConfiguration) = postSolution
		{6FE0A0EE-A6C2-4187-B926-E22ED4A61576}.Deb_S60_31_WINSCW.ActiveCfg = Deb_S60_31_WINSCW|Win32
		{6FE0A0EE-A6C2-4187-B926-E22ED4A61576}.Deb_S60_31_WINSCW.Build.0 = Deb_S60_31_WINSCW|Win32
		{6FE0A0EE-A6C2-4187-B926-E22ED4A61576}.Debug.ActiveCfg = Debug|Win32
		{6FE0A0EE-A6C2-4187-B926-E22ED4A61576}.Debug.Build.0 = Debug|Win32
		{6FE0A0EE-A6C2-4187-B926-E22ED4A61576}.Rel_S60_31_GCCE.ActiveCfg = Rel_S60_31_GCCE|Win32
		{6FE0A0EE-A6C2-4187-B926-E22ED4A61576}.Rel_S60_31_GCCE.Build.0 = Rel_S60_31_GCCE|Win32
		{6FE0A0EE-A6C2-4187-B926-E22ED4A61576}.Release.ActiveCfg = Release|Win32
		{6FE0A0EE-A6C2-4187-B926-E22ED4A61576}.Release.Build.0 = Release|Win32
	EndGlobalSection
	GlobalSection(ExtensibilityGlobals) = postSolution
	EndGlobalSection
	GlobalSection(ExtensibilityAddIns) = postSolution
	EndGlobalSection
EndGlobal
