Microsoft Visual Studio Solution File, Format Version 9.00
# Visual Studio 2005
Project("{FAE04EC0-301F-11D3-BF4B-00C04F79EFBC}") = "Note2005", "Note2005.csproj", "{708209DE-2749-49FC-88B3-F1F431492652}"
EndProject
Global
	GlobalSection(SolutionConfigurationPlatforms) = preSolution
		Debug|Any CPU = Debug|Any CPU
		Release|Any CPU = Release|Any CPU
	EndGlobalSection
	GlobalSection(ProjectConfigurationPlatforms) = postSolution
		{708209DE-2749-49FC-88B3-F1F431492652}.Debug|Any CPU.ActiveCfg = Debug|Any CPU
		{708209DE-2749-49FC-88B3-F1F431492652}.Debug|Any CPU.Build.0 = Debug|Any CPU
		{708209DE-2749-49FC-88B3-F1F431492652}.Release|Any CPU.ActiveCfg = Release|Any CPU
		{708209DE-2749-49FC-88B3-F1F431492652}.Release|Any CPU.Build.0 = Release|Any CPU
	EndGlobalSection
	GlobalSection(SolutionProperties) = preSolution
		HideSolutionNode = FALSE
	EndGlobalSection
EndGlobal
