Microsoft Visual Studio Solution File, Format Version 8.00
Project("{FAE04EC0-301F-11D3-BF4B-00C04F79EFBC}") = "Note2003", "Note2003.csproj", "{708209DE-2749-49FC-88B3-F1F431492652}"
	ProjectSection(ProjectDependencies) = postProject
	EndProjectSection
EndProject
Global
	GlobalSection(SolutionConfiguration) = preSolution
		Debug = Debug
		Release = Release
	EndGlobalSection
	GlobalSection(ProjectConfiguration) = postSolution
		{708209DE-2749-49FC-88B3-F1F431492652}.Debug.ActiveCfg = Debug|.NET
		{708209DE-2749-49FC-88B3-F1F431492652}.Debug.Build.0 = Debug|.NET
		{708209DE-2749-49FC-88B3-F1F431492652}.Release.ActiveCfg = Release|.NET
		{708209DE-2749-49FC-88B3-F1F431492652}.Release.Build.0 = Release|.NET
	EndGlobalSection
	GlobalSection(ExtensibilityGlobals) = postSolution
	EndGlobalSection
	GlobalSection(ExtensibilityAddIns) = postSolution
	EndGlobalSection
EndGlobal
