
Microsoft Visual Studio Solution File, Format Version 9.00
# Visual Studio 2005
Project("{FAE04EC0-301F-11D3-BF4B-00C04F79EFBC}") = "MathXDemo", "MathXDemo\MathXDemo.csproj", "{D916B3DB-F05D-4A5D-B807-FC763AE8E14F}"
EndProject
Global
	GlobalSection(SolutionConfigurationPlatforms) = preSolution
		Debug|Any CPU = Debug|Any CPU
		Release|Any CPU = Release|Any CPU
	EndGlobalSection
	GlobalSection(ProjectConfigurationPlatforms) = postSolution
		{D916B3DB-F05D-4A5D-B807-FC763AE8E14F}.Debug|Any CPU.ActiveCfg = Debug|Any CPU
		{D916B3DB-F05D-4A5D-B807-FC763AE8E14F}.Debug|Any CPU.Build.0 = Debug|Any CPU
		{D916B3DB-F05D-4A5D-B807-FC763AE8E14F}.Release|Any CPU.ActiveCfg = Release|Any CPU
		{D916B3DB-F05D-4A5D-B807-FC763AE8E14F}.Release|Any CPU.Build.0 = Release|Any CPU
	EndGlobalSection
	GlobalSection(SolutionProperties) = preSolution
		HideSolutionNode = FALSE
	EndGlobalSection
EndGlobal
