
Microsoft Visual Studio Solution File, Format Version 9.00
# Visual Studio 2005
Project("{FAE04EC0-301F-11D3-BF4B-00C04F79EFBC}") = "SampleFramework", "SampleFramework\SampleFramework.csproj", "{825AADD2-84A6-4092-9E46-CDAF96E16C4D}"
EndProject
Project("{2150E333-8FDC-42A3-9474-1A3956D46DE8}") = "Controls", "Controls", "{641536EE-599B-40CA-9B13-2333565155E9}"
EndProject
Project("{2150E333-8FDC-42A3-9474-1A3956D46DE8}") = "NUnit", "NUnit", "{2E9389D6-2E47-4650-A3CE-1BD946B1E793}"
	ProjectSection(SolutionItems) = preProject
		Controls\NUnit\NUnit.Framework.dll = Controls\NUnit\NUnit.Framework.dll
	EndProjectSection
EndProject
Project("{FAE04EC0-301F-11D3-BF4B-00C04F79EFBC}") = "DotNetMock", "Controls\DotNetMock\DotNetMock.csproj", "{3ED74877-D5EE-49E6-94CA-02BD39ADDCD0}"
EndProject
Project("{FAE04EC0-301F-11D3-BF4B-00C04F79EFBC}") = "Genetibase.Shared", "Controls\Genetibase.Shared\Genetibase.Shared.csproj", "{A7A02558-58A0-4333-BFAF-77CB49DE17F0}"
EndProject
Project("{FAE04EC0-301F-11D3-BF4B-00C04F79EFBC}") = "Genetibase.Shared.Controls", "Controls\Genetibase.Shared.Controls\Genetibase.Shared.Controls.csproj", "{7AFBEE90-61C7-46A9-95B8-67373C1C6F4D}"
EndProject
Project("{FAE04EC0-301F-11D3-BF4B-00C04F79EFBC}") = "Genetibase.Shared.Controls.Design", "Controls\Genetibase.Shared.Controls.Design\Genetibase.Shared.Controls.Design.csproj", "{C4E55216-11FF-4CEF-AF80-7E4EE90BC518}"
EndProject
Project("{FAE04EC0-301F-11D3-BF4B-00C04F79EFBC}") = "Genetibase.Shared.Controls.Tests", "Controls\Genetibase.Shared.Controls.Tests\Genetibase.Shared.Controls.Tests.csproj", "{83BDE2DE-54F1-4104-9010-EADBBADE198D}"
EndProject
Project("{FAE04EC0-301F-11D3-BF4B-00C04F79EFBC}") = "Genetibase.Shared.Design", "Controls\Genetibase.Shared.Design\Genetibase.Shared.Design.csproj", "{50EE44FC-D51B-471E-A199-15621498ECA7}"
EndProject
Project("{FAE04EC0-301F-11D3-BF4B-00C04F79EFBC}") = "Genetibase.Shared.Design.Tests", "Controls\Genetibase.Shared.Design.Tests\Genetibase.Shared.Design.Tests.csproj", "{C8CD9F27-5F65-4C3E-A174-856D8BE11848}"
EndProject
Project("{FAE04EC0-301F-11D3-BF4B-00C04F79EFBC}") = "Genetibase.Shared.Tests", "Controls\Genetibase.Shared.Tests\Genetibase.Shared.Tests.csproj", "{9BB5FF25-149E-4E2E-A475-D9045835A364}"
EndProject
Project("{FAE04EC0-301F-11D3-BF4B-00C04F79EFBC}") = "Genetibase.SmoothControls", "Controls\Genetibase.SmoothControls\Genetibase.SmoothControls.csproj", "{057B6D79-27DC-4CE6-9752-F0F3A3094D3E}"
EndProject
Project("{FAE04EC0-301F-11D3-BF4B-00C04F79EFBC}") = "Genetibase.SmoothControls.Design", "Controls\Genetibase.SmoothControls.Design\Genetibase.SmoothControls.Design.csproj", "{6762F6AB-CDB1-4327-B447-AAB15637FADE}"
EndProject
Project("{FAE04EC0-301F-11D3-BF4B-00C04F79EFBC}") = "Genetibase.Win32", "Controls\Genetibase.Win32\Genetibase.Win32.csproj", "{8E94E64C-52F7-4865-ACF1-3FEC8F61B531}"
EndProject
Project("{FAE04EC0-301F-11D3-BF4B-00C04F79EFBC}") = "Genetibase.Win32.Tests", "Controls\Genetibase.Win32.Tests\Genetibase.Win32.Tests.csproj", "{3B5E713C-C38D-431F-A00C-D749023FC0BA}"
EndProject
Project("{2150E333-8FDC-42A3-9474-1A3956D46DE8}") = "Samples", "Samples", "{838879C3-EDAF-4CB2-AF67-BE972741EE42}"
EndProject
Project("{2150E333-8FDC-42A3-9474-1A3956D46DE8}") = "Tabs Category", "Tabs Category", "{94BB14A0-B1EE-4B56-838B-D9A29E358E5E}"
EndProject
Project("{2150E333-8FDC-42A3-9474-1A3956D46DE8}") = "Firefox TabControl", "Firefox TabControl", "{7D94554F-9A96-449E-892B-D1EE7850C2A5}"
EndProject
Project("{2150E333-8FDC-42A3-9474-1A3956D46DE8}") = "CS", "CS", "{8CDDF08A-588F-498F-A11D-41AFECBE0201}"
EndProject
Project("{2150E333-8FDC-42A3-9474-1A3956D46DE8}") = "VB", "VB", "{467DB5E3-4073-415C-B320-7F20972FF9DD}"
EndProject
Project("{FAE04EC0-301F-11D3-BF4B-00C04F79EFBC}") = "FirefoxTabControl", "Samples\Tabs Category\Firefox TabControl\CS\FirefoxTabControl\FirefoxTabControl.csproj", "{8C2C75D1-368E-4618-BEA7-A9DAB51B8FBF}"
EndProject
Project("{F184B08F-C81C-45F6-A57F-5ABD9991F28F}") = "FirefoxTabControl", "Samples\Tabs Category\Firefox TabControl\VB\FirefoxTabControl\FirefoxTabControl.vbproj", "{6817B5B0-DEA7-4DB4-B0CA-4DC233EB35AD}"
EndProject
Global
	GlobalSection(SolutionConfigurationPlatforms) = preSolution
		Debug|Any CPU = Debug|Any CPU
		Release|Any CPU = Release|Any CPU
	EndGlobalSection
	GlobalSection(ProjectConfigurationPlatforms) = postSolution
		{825AADD2-84A6-4092-9E46-CDAF96E16C4D}.Debug|Any CPU.ActiveCfg = Debug|Any CPU
		{825AADD2-84A6-4092-9E46-CDAF96E16C4D}.Debug|Any CPU.Build.0 = Debug|Any CPU
		{825AADD2-84A6-4092-9E46-CDAF96E16C4D}.Release|Any CPU.ActiveCfg = Release|Any CPU
		{825AADD2-84A6-4092-9E46-CDAF96E16C4D}.Release|Any CPU.Build.0 = Release|Any CPU
		{3ED74877-D5EE-49E6-94CA-02BD39ADDCD0}.Debug|Any CPU.ActiveCfg = Debug|Any CPU
		{3ED74877-D5EE-49E6-94CA-02BD39ADDCD0}.Debug|Any CPU.Build.0 = Debug|Any CPU
		{3ED74877-D5EE-49E6-94CA-02BD39ADDCD0}.Release|Any CPU.ActiveCfg = Release|Any CPU
		{3ED74877-D5EE-49E6-94CA-02BD39ADDCD0}.Release|Any CPU.Build.0 = Release|Any CPU
		{A7A02558-58A0-4333-BFAF-77CB49DE17F0}.Debug|Any CPU.ActiveCfg = Debug|Any CPU
		{A7A02558-58A0-4333-BFAF-77CB49DE17F0}.Debug|Any CPU.Build.0 = Debug|Any CPU
		{A7A02558-58A0-4333-BFAF-77CB49DE17F0}.Release|Any CPU.ActiveCfg = Release|Any CPU
		{A7A02558-58A0-4333-BFAF-77CB49DE17F0}.Release|Any CPU.Build.0 = Release|Any CPU
		{7AFBEE90-61C7-46A9-95B8-67373C1C6F4D}.Debug|Any CPU.ActiveCfg = Debug|Any CPU
		{7AFBEE90-61C7-46A9-95B8-67373C1C6F4D}.Debug|Any CPU.Build.0 = Debug|Any CPU
		{7AFBEE90-61C7-46A9-95B8-67373C1C6F4D}.Release|Any CPU.ActiveCfg = Release|Any CPU
		{7AFBEE90-61C7-46A9-95B8-67373C1C6F4D}.Release|Any CPU.Build.0 = Release|Any CPU
		{C4E55216-11FF-4CEF-AF80-7E4EE90BC518}.Debug|Any CPU.ActiveCfg = Debug|Any CPU
		{C4E55216-11FF-4CEF-AF80-7E4EE90BC518}.Debug|Any CPU.Build.0 = Debug|Any CPU
		{C4E55216-11FF-4CEF-AF80-7E4EE90BC518}.Release|Any CPU.ActiveCfg = Release|Any CPU
		{C4E55216-11FF-4CEF-AF80-7E4EE90BC518}.Release|Any CPU.Build.0 = Release|Any CPU
		{83BDE2DE-54F1-4104-9010-EADBBADE198D}.Debug|Any CPU.ActiveCfg = Debug|Any CPU
		{83BDE2DE-54F1-4104-9010-EADBBADE198D}.Debug|Any CPU.Build.0 = Debug|Any CPU
		{83BDE2DE-54F1-4104-9010-EADBBADE198D}.Release|Any CPU.ActiveCfg = Release|Any CPU
		{83BDE2DE-54F1-4104-9010-EADBBADE198D}.Release|Any CPU.Build.0 = Release|Any CPU
		{50EE44FC-D51B-471E-A199-15621498ECA7}.Debug|Any CPU.ActiveCfg = Debug|Any CPU
		{50EE44FC-D51B-471E-A199-15621498ECA7}.Debug|Any CPU.Build.0 = Debug|Any CPU
		{50EE44FC-D51B-471E-A199-15621498ECA7}.Release|Any CPU.ActiveCfg = Release|Any CPU
		{50EE44FC-D51B-471E-A199-15621498ECA7}.Release|Any CPU.Build.0 = Release|Any CPU
		{C8CD9F27-5F65-4C3E-A174-856D8BE11848}.Debug|Any CPU.ActiveCfg = Debug|Any CPU
		{C8CD9F27-5F65-4C3E-A174-856D8BE11848}.Debug|Any CPU.Build.0 = Debug|Any CPU
		{C8CD9F27-5F65-4C3E-A174-856D8BE11848}.Release|Any CPU.ActiveCfg = Release|Any CPU
		{C8CD9F27-5F65-4C3E-A174-856D8BE11848}.Release|Any CPU.Build.0 = Release|Any CPU
		{9BB5FF25-149E-4E2E-A475-D9045835A364}.Debug|Any CPU.ActiveCfg = Debug|Any CPU
		{9BB5FF25-149E-4E2E-A475-D9045835A364}.Debug|Any CPU.Build.0 = Debug|Any CPU
		{9BB5FF25-149E-4E2E-A475-D9045835A364}.Release|Any CPU.ActiveCfg = Release|Any CPU
		{9BB5FF25-149E-4E2E-A475-D9045835A364}.Release|Any CPU.Build.0 = Release|Any CPU
		{057B6D79-27DC-4CE6-9752-F0F3A3094D3E}.Debug|Any CPU.ActiveCfg = Debug|Any CPU
		{057B6D79-27DC-4CE6-9752-F0F3A3094D3E}.Debug|Any CPU.Build.0 = Debug|Any CPU
		{057B6D79-27DC-4CE6-9752-F0F3A3094D3E}.Release|Any CPU.ActiveCfg = Release|Any CPU
		{057B6D79-27DC-4CE6-9752-F0F3A3094D3E}.Release|Any CPU.Build.0 = Release|Any CPU
		{6762F6AB-CDB1-4327-B447-AAB15637FADE}.Debug|Any CPU.ActiveCfg = Debug|Any CPU
		{6762F6AB-CDB1-4327-B447-AAB15637FADE}.Debug|Any CPU.Build.0 = Debug|Any CPU
		{6762F6AB-CDB1-4327-B447-AAB15637FADE}.Release|Any CPU.ActiveCfg = Release|Any CPU
		{6762F6AB-CDB1-4327-B447-AAB15637FADE}.Release|Any CPU.Build.0 = Release|Any CPU
		{8E94E64C-52F7-4865-ACF1-3FEC8F61B531}.Debug|Any CPU.ActiveCfg = Debug|Any CPU
		{8E94E64C-52F7-4865-ACF1-3FEC8F61B531}.Debug|Any CPU.Build.0 = Debug|Any CPU
		{8E94E64C-52F7-4865-ACF1-3FEC8F61B531}.Release|Any CPU.ActiveCfg = Release|Any CPU
		{8E94E64C-52F7-4865-ACF1-3FEC8F61B531}.Release|Any CPU.Build.0 = Release|Any CPU
		{3B5E713C-C38D-431F-A00C-D749023FC0BA}.Debug|Any CPU.ActiveCfg = Debug|Any CPU
		{3B5E713C-C38D-431F-A00C-D749023FC0BA}.Debug|Any CPU.Build.0 = Debug|Any CPU
		{3B5E713C-C38D-431F-A00C-D749023FC0BA}.Release|Any CPU.ActiveCfg = Release|Any CPU
		{3B5E713C-C38D-431F-A00C-D749023FC0BA}.Release|Any CPU.Build.0 = Release|Any CPU
		{8C2C75D1-368E-4618-BEA7-A9DAB51B8FBF}.Debug|Any CPU.ActiveCfg = Debug|Any CPU
		{8C2C75D1-368E-4618-BEA7-A9DAB51B8FBF}.Debug|Any CPU.Build.0 = Debug|Any CPU
		{8C2C75D1-368E-4618-BEA7-A9DAB51B8FBF}.Release|Any CPU.ActiveCfg = Release|Any CPU
		{8C2C75D1-368E-4618-BEA7-A9DAB51B8FBF}.Release|Any CPU.Build.0 = Release|Any CPU
		{6817B5B0-DEA7-4DB4-B0CA-4DC233EB35AD}.Debug|Any CPU.ActiveCfg = Debug|Any CPU
		{6817B5B0-DEA7-4DB4-B0CA-4DC233EB35AD}.Debug|Any CPU.Build.0 = Debug|Any CPU
		{6817B5B0-DEA7-4DB4-B0CA-4DC233EB35AD}.Release|Any CPU.ActiveCfg = Release|Any CPU
		{6817B5B0-DEA7-4DB4-B0CA-4DC233EB35AD}.Release|Any CPU.Build.0 = Release|Any CPU
	EndGlobalSection
	GlobalSection(SolutionProperties) = preSolution
		HideSolutionNode = FALSE
	EndGlobalSection
	GlobalSection(NestedProjects) = preSolution
		{2E9389D6-2E47-4650-A3CE-1BD946B1E793} = {641536EE-599B-40CA-9B13-2333565155E9}
		{3ED74877-D5EE-49E6-94CA-02BD39ADDCD0} = {641536EE-599B-40CA-9B13-2333565155E9}
		{A7A02558-58A0-4333-BFAF-77CB49DE17F0} = {641536EE-599B-40CA-9B13-2333565155E9}
		{7AFBEE90-61C7-46A9-95B8-67373C1C6F4D} = {641536EE-599B-40CA-9B13-2333565155E9}
		{C4E55216-11FF-4CEF-AF80-7E4EE90BC518} = {641536EE-599B-40CA-9B13-2333565155E9}
		{83BDE2DE-54F1-4104-9010-EADBBADE198D} = {641536EE-599B-40CA-9B13-2333565155E9}
		{50EE44FC-D51B-471E-A199-15621498ECA7} = {641536EE-599B-40CA-9B13-2333565155E9}
		{C8CD9F27-5F65-4C3E-A174-856D8BE11848} = {641536EE-599B-40CA-9B13-2333565155E9}
		{9BB5FF25-149E-4E2E-A475-D9045835A364} = {641536EE-599B-40CA-9B13-2333565155E9}
		{057B6D79-27DC-4CE6-9752-F0F3A3094D3E} = {641536EE-599B-40CA-9B13-2333565155E9}
		{6762F6AB-CDB1-4327-B447-AAB15637FADE} = {641536EE-599B-40CA-9B13-2333565155E9}
		{8E94E64C-52F7-4865-ACF1-3FEC8F61B531} = {641536EE-599B-40CA-9B13-2333565155E9}
		{3B5E713C-C38D-431F-A00C-D749023FC0BA} = {641536EE-599B-40CA-9B13-2333565155E9}
		{94BB14A0-B1EE-4B56-838B-D9A29E358E5E} = {838879C3-EDAF-4CB2-AF67-BE972741EE42}
		{7D94554F-9A96-449E-892B-D1EE7850C2A5} = {94BB14A0-B1EE-4B56-838B-D9A29E358E5E}
		{8CDDF08A-588F-498F-A11D-41AFECBE0201} = {7D94554F-9A96-449E-892B-D1EE7850C2A5}
		{467DB5E3-4073-415C-B320-7F20972FF9DD} = {7D94554F-9A96-449E-892B-D1EE7850C2A5}
		{8C2C75D1-368E-4618-BEA7-A9DAB51B8FBF} = {8CDDF08A-588F-498F-A11D-41AFECBE0201}
		{6817B5B0-DEA7-4DB4-B0CA-4DC233EB35AD} = {467DB5E3-4073-415C-B320-7F20972FF9DD}
	EndGlobalSection
EndGlobal
