Microsoft Visual Studio Solution File, Format Version 7.00
Project("{8BC9CEB8-8B4A-11D0-8D11-00A0C91BC942}") = "GLStereoPlayer", "GLStereoPlayer.vcproj", "{0C3E4114-104A-4DD4-B8F5-E5C873080D9D}"
EndProject
Global
	GlobalSection(DPCodeReviewSolutionGUID) = preSolution
		DPCodeReviewSolutionGUID = {00000000-0000-0000-0000-000000000000}
	EndGlobalSection
	GlobalSection(SolutionConfiguration) = preSolution
		ConfigName.0 = Debug
		ConfigName.1 = Release
	EndGlobalSection
	GlobalSection(ProjectDependencies) = postSolution
	EndGlobalSection
	GlobalSection(ProjectConfiguration) = postSolution
		{0C3E4114-104A-4DD4-B8F5-E5C873080D9D}.Debug.ActiveCfg = Debug|Win32
		{0C3E4114-104A-4DD4-B8F5-E5C873080D9D}.Debug.Build.0 = Debug|Win32
		{0C3E4114-104A-4DD4-B8F5-E5C873080D9D}.Release.ActiveCfg = Release|Win32
		{0C3E4114-104A-4DD4-B8F5-E5C873080D9D}.Release.Build.0 = Release|Win32
	EndGlobalSection
	GlobalSection(ExtensibilityGlobals) = postSolution
	EndGlobalSection
	GlobalSection(ExtensibilityAddIns) = postSolution
	EndGlobalSection
EndGlobal
