
Microsoft Visual Studio Solution File, Format Version 9.00
# Visual Studio 2005
Project("{FAE04EC0-301F-11D3-BF4B-00C04F79EFBC}") = "NuGenMediImage", "NuGenMediImage.csproj", "{A2870A01-BAFD-4CAB-BA8B-7AA984BA5494}"
EndProject
Project("{FAE04EC0-301F-11D3-BF4B-00C04F79EFBC}") = "NuGenAnnotations", "..\NuGenAnnotations\NuGenAnnotations.csproj", "{C2F951D8-2CB6-4AB5-9029-1EE3FCDB910A}"
EndProject
Project("{FAE04EC0-301F-11D3-BF4B-00C04F79EFBC}") = "WindowsApplication1", "..\WindowsApplication1\WindowsApplication1.csproj", "{4173B768-DB1B-4CB3-97E1-CB7628170E44}"
EndProject
Global
	GlobalSection(SolutionConfigurationPlatforms) = preSolution
		Debug|Any CPU = Debug|Any CPU
		Release|Any CPU = Release|Any CPU
	EndGlobalSection
	GlobalSection(ProjectConfigurationPlatforms) = postSolution
		{A2870A01-BAFD-4CAB-BA8B-7AA984BA5494}.Debug|Any CPU.ActiveCfg = Debug|Any CPU
		{A2870A01-BAFD-4CAB-BA8B-7AA984BA5494}.Debug|Any CPU.Build.0 = Debug|Any CPU
		{A2870A01-BAFD-4CAB-BA8B-7AA984BA5494}.Release|Any CPU.ActiveCfg = Release|Any CPU
		{A2870A01-BAFD-4CAB-BA8B-7AA984BA5494}.Release|Any CPU.Build.0 = Release|Any CPU
		{C2F951D8-2CB6-4AB5-9029-1EE3FCDB910A}.Debug|Any CPU.ActiveCfg = Debug|Any CPU
		{C2F951D8-2CB6-4AB5-9029-1EE3FCDB910A}.Debug|Any CPU.Build.0 = Debug|Any CPU
		{C2F951D8-2CB6-4AB5-9029-1EE3FCDB910A}.Release|Any CPU.ActiveCfg = Release|Any CPU
		{C2F951D8-2CB6-4AB5-9029-1EE3FCDB910A}.Release|Any CPU.Build.0 = Release|Any CPU
		{4173B768-DB1B-4CB3-97E1-CB7628170E44}.Debug|Any CPU.ActiveCfg = Debug|Any CPU
		{4173B768-DB1B-4CB3-97E1-CB7628170E44}.Debug|Any CPU.Build.0 = Debug|Any CPU
		{4173B768-DB1B-4CB3-97E1-CB7628170E44}.Release|Any CPU.ActiveCfg = Release|Any CPU
		{4173B768-DB1B-4CB3-97E1-CB7628170E44}.Release|Any CPU.Build.0 = Release|Any CPU
	EndGlobalSection
	GlobalSection(SolutionProperties) = preSolution
		HideSolutionNode = FALSE
	EndGlobalSection
EndGlobal
