
Microsoft Visual Studio Solution File, Format Version 9.00
# Visual Studio 2005
Project("{F184B08F-C81C-45F6-A57F-5ABD9991F28F}") = "Genetibase Diagram Library", "Genetibase Diagram Library\Genetibase Diagram Library.vbproj", "{69AFE03A-CA8F-43EB-AFB2-D64C04A63979}"
EndProject
Project("{F184B08F-C81C-45F6-A57F-5ABD9991F28F}") = "Genetibase Model Diagram Designer", "Genetibase Model Diagram Designer\Genetibase Model Diagram Designer.vbproj", "{C31904C6-4B4A-44DF-A660-1FAA98842F24}"
EndProject
Project("{E24C65DC-7377-472B-9ABA-BC803B73C61A}") = "C:\...\Genetibase Diagram Server\", "Genetibase Diagram Server\", "{DDDF41ED-B295-461A-BF55-728AF3A33B75}"
	ProjectSection(WebsiteProperties) = preProject
		ProjectReferences = "{69AFE03A-CA8F-43EB-AFB2-D64C04A63979}|Genetibase Diagram Library.dll;{CC9D4530-44F1-4312-B734-F98DF0ED0A51}|GenetibaseDiagramServerLibrary.dll;"
		Debug.AspNetCompiler.VirtualPath = "/Genetibase Diagram Server"
		Debug.AspNetCompiler.PhysicalPath = "Genetibase Diagram Server\"
		Debug.AspNetCompiler.TargetPath = "PrecompiledWeb\Genetibase Diagram Server\"
		Debug.AspNetCompiler.Updateable = "true"
		Debug.AspNetCompiler.ForceOverwrite = "true"
		Debug.AspNetCompiler.FixedNames = "false"
		Debug.AspNetCompiler.Debug = "True"
		Release.AspNetCompiler.VirtualPath = "/Genetibase Diagram Server"
		Release.AspNetCompiler.PhysicalPath = "Genetibase Diagram Server\"
		Release.AspNetCompiler.TargetPath = "PrecompiledWeb\Genetibase Diagram Server\"
		Release.AspNetCompiler.Updateable = "true"
		Release.AspNetCompiler.ForceOverwrite = "true"
		Release.AspNetCompiler.FixedNames = "false"
		Release.AspNetCompiler.Debug = "False"
		VWDPort = "1199"
		DefaultWebSiteLanguage = "Visual Basic"
	EndProjectSection
EndProject
Project("{F184B08F-C81C-45F6-A57F-5ABD9991F28F}") = "Genetibase Diagram Server Library", "Genetibase Diagram Server Library\Genetibase Diagram Server Library.vbproj", "{CC9D4530-44F1-4312-B734-F98DF0ED0A51}"
EndProject
Project("{F184B08F-C81C-45F6-A57F-5ABD9991F28F}") = "Genetibase Diagram Drawing Library", "Genetibase Diagram Drawing Library\Genetibase Diagram Drawing Library.vbproj", "{8A6258E1-D2DC-483F-BEF9-AB170BD775D7}"
EndProject
Project("{F184B08F-C81C-45F6-A57F-5ABD9991F28F}") = "Genetibase Diagram Client Library", "Genetibase Diagram Client Library\Genetibase Diagram Client Library.vbproj", "{E186BE84-67F9-41E1-9FE5-D929D753940F}"
EndProject
Project("{F184B08F-C81C-45F6-A57F-5ABD9991F28F}") = "ProjectExport-AddIn", "ProjectExportAddIn\ProjectExport-AddIn.vbproj", "{8268E7C4-43B1-4B49-802B-7E0096FA4153}"
EndProject
Project("{54435603-DBB4-11D2-8724-00A0C9A8B90C}") = "GenetiBase NuGenObjective Designer Setup", "GenetiBase NuGenObjective Designer Setup\GenetiBase NuGenObjective Designer Setup.vdproj", "{007BDAF2-247A-4719-A4B5-969097ACAF85}"
EndProject
Project("{F184B08F-C81C-45F6-A57F-5ABD9991F28F}") = "Genetibase NuGenObjective for VS 2005", "Genetibase NuGenObjective for VS 2005\Genetibase NuGenObjective for VS 2005.vbproj", "{5F828FA9-CA85-47D8-A4AB-ADC4A11EA76E}"
EndProject
Global
	GlobalSection(SolutionConfigurationPlatforms) = preSolution
		Debug|.NET = Debug|.NET
		Debug|Any CPU = Debug|Any CPU
		Debug|Mixed Platforms = Debug|Mixed Platforms
		Release|.NET = Release|.NET
		Release|Any CPU = Release|Any CPU
		Release|Mixed Platforms = Release|Mixed Platforms
	EndGlobalSection
	GlobalSection(ProjectConfigurationPlatforms) = postSolution
		{69AFE03A-CA8F-43EB-AFB2-D64C04A63979}.Debug|.NET.ActiveCfg = Debug|Any CPU
		{69AFE03A-CA8F-43EB-AFB2-D64C04A63979}.Debug|Any CPU.ActiveCfg = Debug|Any CPU
		{69AFE03A-CA8F-43EB-AFB2-D64C04A63979}.Debug|Any CPU.Build.0 = Debug|Any CPU
		{69AFE03A-CA8F-43EB-AFB2-D64C04A63979}.Debug|Mixed Platforms.ActiveCfg = Debug|Any CPU
		{69AFE03A-CA8F-43EB-AFB2-D64C04A63979}.Debug|Mixed Platforms.Build.0 = Debug|Any CPU
		{69AFE03A-CA8F-43EB-AFB2-D64C04A63979}.Release|.NET.ActiveCfg = Release|Any CPU
		{69AFE03A-CA8F-43EB-AFB2-D64C04A63979}.Release|Any CPU.ActiveCfg = Release|Any CPU
		{69AFE03A-CA8F-43EB-AFB2-D64C04A63979}.Release|Any CPU.Build.0 = Release|Any CPU
		{69AFE03A-CA8F-43EB-AFB2-D64C04A63979}.Release|Mixed Platforms.ActiveCfg = Release|Any CPU
		{69AFE03A-CA8F-43EB-AFB2-D64C04A63979}.Release|Mixed Platforms.Build.0 = Release|Any CPU
		{C31904C6-4B4A-44DF-A660-1FAA98842F24}.Debug|.NET.ActiveCfg = Debug|Any CPU
		{C31904C6-4B4A-44DF-A660-1FAA98842F24}.Debug|Any CPU.ActiveCfg = Debug|Any CPU
		{C31904C6-4B4A-44DF-A660-1FAA98842F24}.Debug|Any CPU.Build.0 = Debug|Any CPU
		{C31904C6-4B4A-44DF-A660-1FAA98842F24}.Debug|Mixed Platforms.ActiveCfg = Debug|Any CPU
		{C31904C6-4B4A-44DF-A660-1FAA98842F24}.Debug|Mixed Platforms.Build.0 = Debug|Any CPU
		{C31904C6-4B4A-44DF-A660-1FAA98842F24}.Release|.NET.ActiveCfg = Release|Any CPU
		{C31904C6-4B4A-44DF-A660-1FAA98842F24}.Release|Any CPU.ActiveCfg = Release|Any CPU
		{C31904C6-4B4A-44DF-A660-1FAA98842F24}.Release|Any CPU.Build.0 = Release|Any CPU
		{C31904C6-4B4A-44DF-A660-1FAA98842F24}.Release|Mixed Platforms.ActiveCfg = Release|Any CPU
		{C31904C6-4B4A-44DF-A660-1FAA98842F24}.Release|Mixed Platforms.Build.0 = Release|Any CPU
		{DDDF41ED-B295-461A-BF55-728AF3A33B75}.Debug|.NET.ActiveCfg = Debug|.NET
		{DDDF41ED-B295-461A-BF55-728AF3A33B75}.Debug|.NET.Build.0 = Debug|.NET
		{DDDF41ED-B295-461A-BF55-728AF3A33B75}.Debug|Any CPU.ActiveCfg = Debug|.NET
		{DDDF41ED-B295-461A-BF55-728AF3A33B75}.Debug|Mixed Platforms.ActiveCfg = Debug|.NET
		{DDDF41ED-B295-461A-BF55-728AF3A33B75}.Debug|Mixed Platforms.Build.0 = Debug|.NET
		{DDDF41ED-B295-461A-BF55-728AF3A33B75}.Release|.NET.ActiveCfg = Debug|.NET
		{DDDF41ED-B295-461A-BF55-728AF3A33B75}.Release|.NET.Build.0 = Debug|.NET
		{DDDF41ED-B295-461A-BF55-728AF3A33B75}.Release|Any CPU.ActiveCfg = Debug|.NET
		{DDDF41ED-B295-461A-BF55-728AF3A33B75}.Release|Mixed Platforms.ActiveCfg = Debug|.NET
		{DDDF41ED-B295-461A-BF55-728AF3A33B75}.Release|Mixed Platforms.Build.0 = Debug|.NET
		{CC9D4530-44F1-4312-B734-F98DF0ED0A51}.Debug|.NET.ActiveCfg = Debug|Any CPU
		{CC9D4530-44F1-4312-B734-F98DF0ED0A51}.Debug|Any CPU.ActiveCfg = Debug|Any CPU
		{CC9D4530-44F1-4312-B734-F98DF0ED0A51}.Debug|Any CPU.Build.0 = Debug|Any CPU
		{CC9D4530-44F1-4312-B734-F98DF0ED0A51}.Debug|Mixed Platforms.ActiveCfg = Debug|Any CPU
		{CC9D4530-44F1-4312-B734-F98DF0ED0A51}.Debug|Mixed Platforms.Build.0 = Debug|Any CPU
		{CC9D4530-44F1-4312-B734-F98DF0ED0A51}.Release|.NET.ActiveCfg = Release|Any CPU
		{CC9D4530-44F1-4312-B734-F98DF0ED0A51}.Release|Any CPU.ActiveCfg = Release|Any CPU
		{CC9D4530-44F1-4312-B734-F98DF0ED0A51}.Release|Any CPU.Build.0 = Release|Any CPU
		{CC9D4530-44F1-4312-B734-F98DF0ED0A51}.Release|Mixed Platforms.ActiveCfg = Release|Any CPU
		{CC9D4530-44F1-4312-B734-F98DF0ED0A51}.Release|Mixed Platforms.Build.0 = Release|Any CPU
		{8A6258E1-D2DC-483F-BEF9-AB170BD775D7}.Debug|.NET.ActiveCfg = Debug|Any CPU
		{8A6258E1-D2DC-483F-BEF9-AB170BD775D7}.Debug|Any CPU.ActiveCfg = Debug|Any CPU
		{8A6258E1-D2DC-483F-BEF9-AB170BD775D7}.Debug|Any CPU.Build.0 = Debug|Any CPU
		{8A6258E1-D2DC-483F-BEF9-AB170BD775D7}.Debug|Mixed Platforms.ActiveCfg = Debug|Any CPU
		{8A6258E1-D2DC-483F-BEF9-AB170BD775D7}.Debug|Mixed Platforms.Build.0 = Debug|Any CPU
		{8A6258E1-D2DC-483F-BEF9-AB170BD775D7}.Release|.NET.ActiveCfg = Release|Any CPU
		{8A6258E1-D2DC-483F-BEF9-AB170BD775D7}.Release|Any CPU.ActiveCfg = Release|Any CPU
		{8A6258E1-D2DC-483F-BEF9-AB170BD775D7}.Release|Any CPU.Build.0 = Release|Any CPU
		{8A6258E1-D2DC-483F-BEF9-AB170BD775D7}.Release|Mixed Platforms.ActiveCfg = Release|Any CPU
		{8A6258E1-D2DC-483F-BEF9-AB170BD775D7}.Release|Mixed Platforms.Build.0 = Release|Any CPU
		{E186BE84-67F9-41E1-9FE5-D929D753940F}.Debug|.NET.ActiveCfg = Debug|Any CPU
		{E186BE84-67F9-41E1-9FE5-D929D753940F}.Debug|Any CPU.ActiveCfg = Debug|Any CPU
		{E186BE84-67F9-41E1-9FE5-D929D753940F}.Debug|Any CPU.Build.0 = Debug|Any CPU
		{E186BE84-67F9-41E1-9FE5-D929D753940F}.Debug|Mixed Platforms.ActiveCfg = Debug|Any CPU
		{E186BE84-67F9-41E1-9FE5-D929D753940F}.Debug|Mixed Platforms.Build.0 = Debug|Any CPU
		{E186BE84-67F9-41E1-9FE5-D929D753940F}.Release|.NET.ActiveCfg = Release|Any CPU
		{E186BE84-67F9-41E1-9FE5-D929D753940F}.Release|Any CPU.ActiveCfg = Release|Any CPU
		{E186BE84-67F9-41E1-9FE5-D929D753940F}.Release|Any CPU.Build.0 = Release|Any CPU
		{E186BE84-67F9-41E1-9FE5-D929D753940F}.Release|Mixed Platforms.ActiveCfg = Release|Any CPU
		{E186BE84-67F9-41E1-9FE5-D929D753940F}.Release|Mixed Platforms.Build.0 = Release|Any CPU
		{8268E7C4-43B1-4B49-802B-7E0096FA4153}.Debug|.NET.ActiveCfg = Debug|Any CPU
		{8268E7C4-43B1-4B49-802B-7E0096FA4153}.Debug|Any CPU.ActiveCfg = Debug|Any CPU
		{8268E7C4-43B1-4B49-802B-7E0096FA4153}.Debug|Any CPU.Build.0 = Debug|Any CPU
		{8268E7C4-43B1-4B49-802B-7E0096FA4153}.Debug|Mixed Platforms.ActiveCfg = Debug|Any CPU
		{8268E7C4-43B1-4B49-802B-7E0096FA4153}.Debug|Mixed Platforms.Build.0 = Debug|Any CPU
		{8268E7C4-43B1-4B49-802B-7E0096FA4153}.Release|.NET.ActiveCfg = Release|Any CPU
		{8268E7C4-43B1-4B49-802B-7E0096FA4153}.Release|Any CPU.ActiveCfg = Release|Any CPU
		{8268E7C4-43B1-4B49-802B-7E0096FA4153}.Release|Any CPU.Build.0 = Release|Any CPU
		{8268E7C4-43B1-4B49-802B-7E0096FA4153}.Release|Mixed Platforms.ActiveCfg = Release|Any CPU
		{8268E7C4-43B1-4B49-802B-7E0096FA4153}.Release|Mixed Platforms.Build.0 = Release|Any CPU
		{007BDAF2-247A-4719-A4B5-969097ACAF85}.Debug|.NET.ActiveCfg = Debug
		{007BDAF2-247A-4719-A4B5-969097ACAF85}.Debug|Any CPU.ActiveCfg = Debug
		{007BDAF2-247A-4719-A4B5-969097ACAF85}.Debug|Mixed Platforms.ActiveCfg = Debug
		{007BDAF2-247A-4719-A4B5-969097ACAF85}.Release|.NET.ActiveCfg = Release
		{007BDAF2-247A-4719-A4B5-969097ACAF85}.Release|Any CPU.ActiveCfg = Release
		{007BDAF2-247A-4719-A4B5-969097ACAF85}.Release|Mixed Platforms.ActiveCfg = Release
		{5F828FA9-CA85-47D8-A4AB-ADC4A11EA76E}.Debug|.NET.ActiveCfg = Debug|Any CPU
		{5F828FA9-CA85-47D8-A4AB-ADC4A11EA76E}.Debug|Any CPU.ActiveCfg = Debug|Any CPU
		{5F828FA9-CA85-47D8-A4AB-ADC4A11EA76E}.Debug|Any CPU.Build.0 = Debug|Any CPU
		{5F828FA9-CA85-47D8-A4AB-ADC4A11EA76E}.Debug|Mixed Platforms.ActiveCfg = Debug|Any CPU
		{5F828FA9-CA85-47D8-A4AB-ADC4A11EA76E}.Release|.NET.ActiveCfg = Release|Any CPU
		{5F828FA9-CA85-47D8-A4AB-ADC4A11EA76E}.Release|Any CPU.ActiveCfg = Release|Any CPU
		{5F828FA9-CA85-47D8-A4AB-ADC4A11EA76E}.Release|Any CPU.Build.0 = Release|Any CPU
		{5F828FA9-CA85-47D8-A4AB-ADC4A11EA76E}.Release|Mixed Platforms.ActiveCfg = Release|Any CPU
	EndGlobalSection
	GlobalSection(SolutionProperties) = preSolution
		HideSolutionNode = FALSE
	EndGlobalSection
EndGlobal
