
Microsoft Visual Studio Solution File, Format Version 9.00
# Visual Studio 2005
Project("{FAE04EC0-301F-11D3-BF4B-00C04F79EFBC}") = "CPI.Plot3D", "CPI.Plot3D\CPI.Plot3D.csproj", "{F41E9717-E4AC-482B-B381-DEAD5A092FA8}"
EndProject
Project("{FAE04EC0-301F-11D3-BF4B-00C04F79EFBC}") = "Examples", "Examples\Examples.csproj", "{1DCA0D23-C448-4241-A561-5A109354BEE7}"
EndProject
Global
	GlobalSection(SolutionConfigurationPlatforms) = preSolution
		Debug|Any CPU = Debug|Any CPU
		Release|Any CPU = Release|Any CPU
	EndGlobalSection
	GlobalSection(ProjectConfigurationPlatforms) = postSolution
		{F41E9717-E4AC-482B-B381-DEAD5A092FA8}.Debug|Any CPU.ActiveCfg = Debug|Any CPU
		{F41E9717-E4AC-482B-B381-DEAD5A092FA8}.Debug|Any CPU.Build.0 = Debug|Any CPU
		{F41E9717-E4AC-482B-B381-DEAD5A092FA8}.Release|Any CPU.ActiveCfg = Release|Any CPU
		{F41E9717-E4AC-482B-B381-DEAD5A092FA8}.Release|Any CPU.Build.0 = Release|Any CPU
		{1DCA0D23-C448-4241-A561-5A109354BEE7}.Debug|Any CPU.ActiveCfg = Debug|Any CPU
		{1DCA0D23-C448-4241-A561-5A109354BEE7}.Debug|Any CPU.Build.0 = Debug|Any CPU
		{1DCA0D23-C448-4241-A561-5A109354BEE7}.Release|Any CPU.ActiveCfg = Release|Any CPU
		{1DCA0D23-C448-4241-A561-5A109354BEE7}.Release|Any CPU.Build.0 = Release|Any CPU
	EndGlobalSection
	GlobalSection(SolutionProperties) = preSolution
		HideSolutionNode = FALSE
	EndGlobalSection
EndGlobal
