
Microsoft Visual Studio Solution File, Format Version 9.00
# Visual Studio 2005
Project("{2150E333-8FDC-42A3-9474-1A3956D46DE8}") = "Diagramming", "Diagramming", "{9D588276-580C-4518-9BC2-128853E828DF}"
EndProject
Project("{2150E333-8FDC-42A3-9474-1A3956D46DE8}") = "Cobalt", "Cobalt", "{CEB9D21D-AFCF-4152-8C93-016BB2F9A2AE}"
EndProject
Project("{FAE04EC0-301F-11D3-BF4B-00C04F79EFBC}") = "Cobalt.Core", "Cobalt.Core\Cobalt.Core.csproj", "{6C521E72-8B2E-4311-85A0-26846D669B99}"
EndProject
Project("{FAE04EC0-301F-11D3-BF4B-00C04F79EFBC}") = "Cobalt.IDE", "Cobalt.IDE\Cobalt.IDE.csproj", "{EBC41808-A652-4AA3-BD00-BBB6BD45E8A6}"
EndProject
Project("{2150E333-8FDC-42A3-9474-1A3956D46DE8}") = "UI", "UI", "{8AEEF231-5811-4FBE-8A50-DDB3BD878668}"
EndProject
Project("{FAE04EC0-301F-11D3-BF4B-00C04F79EFBC}") = "Netron.Neon", "Neon\Netron.Neon.csproj", "{4FBE4352-5718-421D-95F7-2187A932F475}"
EndProject
Project("{FAE04EC0-301F-11D3-BF4B-00C04F79EFBC}") = "Netron.Diagramming.Core", "Diagramming.Core\Netron.Diagramming.Core.csproj", "{96AEBBEE-4203-45F3-BCF5-7B73BF256BDA}"
EndProject
Project("{FAE04EC0-301F-11D3-BF4B-00C04F79EFBC}") = "Netron.Xeon", "Xeon\Netron.Xeon.csproj", "{37AF0385-5824-489C-9C52-78874C6455FD}"
EndProject
Project("{FAE04EC0-301F-11D3-BF4B-00C04F79EFBC}") = "Netron.Diagramming.Win", "Diagramming.Win\Netron.Diagramming.Win.csproj", "{1D15C2A9-7D08-4BA6-B307-BDE0CA8AF1CB}"
EndProject
Project("{2150E333-8FDC-42A3-9474-1A3956D46DE8}") = "Applications", "Applications", "{5E728304-0269-4320-B81E-34188864522D}"
EndProject
Project("{FAE04EC0-301F-11D3-BF4B-00C04F79EFBC}") = "Yttrium.Core", "Applications\Yttrium\Yttrium.Library\Yttrium.Core.csproj", "{1E5EA7C4-F07E-4CC2-8F43-F247FC99E599}"
EndProject
Project("{FAE04EC0-301F-11D3-BF4B-00C04F79EFBC}") = "Yttrium.Presentation", "Applications\Yttrium\Yttrium.Presentation\Yttrium.Presentation.csproj", "{80FC18B6-13DC-4D8F-8007-8D2CD08D1B5B}"
EndProject
Project("{FAE04EC0-301F-11D3-BF4B-00C04F79EFBC}") = "Yttrium.Whiteboard", "Applications\Yttrium\Yttrium.Whiteboard\Yttrium.Whiteboard.csproj", "{A7C2CFAA-F1C9-4224-905D-3B62E3A1E2EB}"
EndProject
Global
	GlobalSection(SolutionConfigurationPlatforms) = preSolution
		Debug + Code Analysis|.NET = Debug + Code Analysis|.NET
		Debug + Code Analysis|Any CPU = Debug + Code Analysis|Any CPU
		Debug + Code Analysis|Mixed Platforms = Debug + Code Analysis|Mixed Platforms
		Debug|.NET = Debug|.NET
		Debug|Any CPU = Debug|Any CPU
		Debug|Mixed Platforms = Debug|Mixed Platforms
		Release + XML|.NET = Release + XML|.NET
		Release + XML|Any CPU = Release + XML|Any CPU
		Release + XML|Mixed Platforms = Release + XML|Mixed Platforms
		Release|.NET = Release|.NET
		Release|Any CPU = Release|Any CPU
		Release|Mixed Platforms = Release|Mixed Platforms
		Description = Win and Web dagram controls with demo projects
	EndGlobalSection
	GlobalSection(ProjectConfigurationPlatforms) = postSolution
		{6C521E72-8B2E-4311-85A0-26846D669B99}.Debug + Code Analysis|.NET.ActiveCfg = Debug|Any CPU
		{6C521E72-8B2E-4311-85A0-26846D669B99}.Debug + Code Analysis|Any CPU.ActiveCfg = Debug|Any CPU
		{6C521E72-8B2E-4311-85A0-26846D669B99}.Debug + Code Analysis|Any CPU.Build.0 = Debug|Any CPU
		{6C521E72-8B2E-4311-85A0-26846D669B99}.Debug + Code Analysis|Mixed Platforms.ActiveCfg = Debug|Any CPU
		{6C521E72-8B2E-4311-85A0-26846D669B99}.Debug + Code Analysis|Mixed Platforms.Build.0 = Debug|Any CPU
		{6C521E72-8B2E-4311-85A0-26846D669B99}.Debug|.NET.ActiveCfg = Debug|Any CPU
		{6C521E72-8B2E-4311-85A0-26846D669B99}.Debug|Any CPU.ActiveCfg = Debug|Any CPU
		{6C521E72-8B2E-4311-85A0-26846D669B99}.Debug|Any CPU.Build.0 = Debug|Any CPU
		{6C521E72-8B2E-4311-85A0-26846D669B99}.Debug|Mixed Platforms.ActiveCfg = Debug|Any CPU
		{6C521E72-8B2E-4311-85A0-26846D669B99}.Debug|Mixed Platforms.Build.0 = Debug|Any CPU
		{6C521E72-8B2E-4311-85A0-26846D669B99}.Release + XML|.NET.ActiveCfg = Release|Any CPU
		{6C521E72-8B2E-4311-85A0-26846D669B99}.Release + XML|Any CPU.ActiveCfg = Release|Any CPU
		{6C521E72-8B2E-4311-85A0-26846D669B99}.Release + XML|Any CPU.Build.0 = Release|Any CPU
		{6C521E72-8B2E-4311-85A0-26846D669B99}.Release + XML|Mixed Platforms.ActiveCfg = Release|Any CPU
		{6C521E72-8B2E-4311-85A0-26846D669B99}.Release + XML|Mixed Platforms.Build.0 = Release|Any CPU
		{6C521E72-8B2E-4311-85A0-26846D669B99}.Release|.NET.ActiveCfg = Release|Any CPU
		{6C521E72-8B2E-4311-85A0-26846D669B99}.Release|Any CPU.ActiveCfg = Release|Any CPU
		{6C521E72-8B2E-4311-85A0-26846D669B99}.Release|Any CPU.Build.0 = Release|Any CPU
		{6C521E72-8B2E-4311-85A0-26846D669B99}.Release|Mixed Platforms.ActiveCfg = Release|Any CPU
		{6C521E72-8B2E-4311-85A0-26846D669B99}.Release|Mixed Platforms.Build.0 = Release|Any CPU
		{EBC41808-A652-4AA3-BD00-BBB6BD45E8A6}.Debug + Code Analysis|.NET.ActiveCfg = Debug|Any CPU
		{EBC41808-A652-4AA3-BD00-BBB6BD45E8A6}.Debug + Code Analysis|Any CPU.ActiveCfg = Debug|Any CPU
		{EBC41808-A652-4AA3-BD00-BBB6BD45E8A6}.Debug + Code Analysis|Any CPU.Build.0 = Debug|Any CPU
		{EBC41808-A652-4AA3-BD00-BBB6BD45E8A6}.Debug + Code Analysis|Mixed Platforms.ActiveCfg = Debug|Any CPU
		{EBC41808-A652-4AA3-BD00-BBB6BD45E8A6}.Debug + Code Analysis|Mixed Platforms.Build.0 = Debug|Any CPU
		{EBC41808-A652-4AA3-BD00-BBB6BD45E8A6}.Debug|.NET.ActiveCfg = Debug|Any CPU
		{EBC41808-A652-4AA3-BD00-BBB6BD45E8A6}.Debug|Any CPU.ActiveCfg = Debug|Any CPU
		{EBC41808-A652-4AA3-BD00-BBB6BD45E8A6}.Debug|Any CPU.Build.0 = Debug|Any CPU
		{EBC41808-A652-4AA3-BD00-BBB6BD45E8A6}.Debug|Mixed Platforms.ActiveCfg = Debug|Any CPU
		{EBC41808-A652-4AA3-BD00-BBB6BD45E8A6}.Debug|Mixed Platforms.Build.0 = Debug|Any CPU
		{EBC41808-A652-4AA3-BD00-BBB6BD45E8A6}.Release + XML|.NET.ActiveCfg = Release|Any CPU
		{EBC41808-A652-4AA3-BD00-BBB6BD45E8A6}.Release + XML|Any CPU.ActiveCfg = Release|Any CPU
		{EBC41808-A652-4AA3-BD00-BBB6BD45E8A6}.Release + XML|Any CPU.Build.0 = Release|Any CPU
		{EBC41808-A652-4AA3-BD00-BBB6BD45E8A6}.Release + XML|Mixed Platforms.ActiveCfg = Release|Any CPU
		{EBC41808-A652-4AA3-BD00-BBB6BD45E8A6}.Release + XML|Mixed Platforms.Build.0 = Release|Any CPU
		{EBC41808-A652-4AA3-BD00-BBB6BD45E8A6}.Release|.NET.ActiveCfg = Release|Any CPU
		{EBC41808-A652-4AA3-BD00-BBB6BD45E8A6}.Release|Any CPU.ActiveCfg = Release|Any CPU
		{EBC41808-A652-4AA3-BD00-BBB6BD45E8A6}.Release|Any CPU.Build.0 = Release|Any CPU
		{EBC41808-A652-4AA3-BD00-BBB6BD45E8A6}.Release|Mixed Platforms.ActiveCfg = Release|Any CPU
		{EBC41808-A652-4AA3-BD00-BBB6BD45E8A6}.Release|Mixed Platforms.Build.0 = Release|Any CPU
		{4FBE4352-5718-421D-95F7-2187A932F475}.Debug + Code Analysis|.NET.ActiveCfg = Debug|Any CPU
		{4FBE4352-5718-421D-95F7-2187A932F475}.Debug + Code Analysis|Any CPU.ActiveCfg = Debug|Any CPU
		{4FBE4352-5718-421D-95F7-2187A932F475}.Debug + Code Analysis|Any CPU.Build.0 = Debug|Any CPU
		{4FBE4352-5718-421D-95F7-2187A932F475}.Debug + Code Analysis|Mixed Platforms.ActiveCfg = Debug|Any CPU
		{4FBE4352-5718-421D-95F7-2187A932F475}.Debug + Code Analysis|Mixed Platforms.Build.0 = Debug|Any CPU
		{4FBE4352-5718-421D-95F7-2187A932F475}.Debug|.NET.ActiveCfg = Debug|Any CPU
		{4FBE4352-5718-421D-95F7-2187A932F475}.Debug|Any CPU.ActiveCfg = Debug|Any CPU
		{4FBE4352-5718-421D-95F7-2187A932F475}.Debug|Any CPU.Build.0 = Debug|Any CPU
		{4FBE4352-5718-421D-95F7-2187A932F475}.Debug|Mixed Platforms.ActiveCfg = Debug|Any CPU
		{4FBE4352-5718-421D-95F7-2187A932F475}.Debug|Mixed Platforms.Build.0 = Debug|Any CPU
		{4FBE4352-5718-421D-95F7-2187A932F475}.Release + XML|.NET.ActiveCfg = Release|Any CPU
		{4FBE4352-5718-421D-95F7-2187A932F475}.Release + XML|Any CPU.ActiveCfg = Release|Any CPU
		{4FBE4352-5718-421D-95F7-2187A932F475}.Release + XML|Any CPU.Build.0 = Release|Any CPU
		{4FBE4352-5718-421D-95F7-2187A932F475}.Release + XML|Mixed Platforms.ActiveCfg = Release|Any CPU
		{4FBE4352-5718-421D-95F7-2187A932F475}.Release + XML|Mixed Platforms.Build.0 = Release|Any CPU
		{4FBE4352-5718-421D-95F7-2187A932F475}.Release|.NET.ActiveCfg = Release|Any CPU
		{4FBE4352-5718-421D-95F7-2187A932F475}.Release|Any CPU.ActiveCfg = Release|Any CPU
		{4FBE4352-5718-421D-95F7-2187A932F475}.Release|Any CPU.Build.0 = Release|Any CPU
		{4FBE4352-5718-421D-95F7-2187A932F475}.Release|Mixed Platforms.ActiveCfg = Release|Any CPU
		{4FBE4352-5718-421D-95F7-2187A932F475}.Release|Mixed Platforms.Build.0 = Release|Any CPU
		{96AEBBEE-4203-45F3-BCF5-7B73BF256BDA}.Debug + Code Analysis|.NET.ActiveCfg = Debug|Any CPU
		{96AEBBEE-4203-45F3-BCF5-7B73BF256BDA}.Debug + Code Analysis|Any CPU.ActiveCfg = Debug|Any CPU
		{96AEBBEE-4203-45F3-BCF5-7B73BF256BDA}.Debug + Code Analysis|Any CPU.Build.0 = Debug|Any CPU
		{96AEBBEE-4203-45F3-BCF5-7B73BF256BDA}.Debug + Code Analysis|Mixed Platforms.ActiveCfg = Debug|Any CPU
		{96AEBBEE-4203-45F3-BCF5-7B73BF256BDA}.Debug + Code Analysis|Mixed Platforms.Build.0 = Debug|Any CPU
		{96AEBBEE-4203-45F3-BCF5-7B73BF256BDA}.Debug|.NET.ActiveCfg = Debug|Any CPU
		{96AEBBEE-4203-45F3-BCF5-7B73BF256BDA}.Debug|Any CPU.ActiveCfg = Debug|Any CPU
		{96AEBBEE-4203-45F3-BCF5-7B73BF256BDA}.Debug|Any CPU.Build.0 = Debug|Any CPU
		{96AEBBEE-4203-45F3-BCF5-7B73BF256BDA}.Debug|Mixed Platforms.ActiveCfg = Debug|Any CPU
		{96AEBBEE-4203-45F3-BCF5-7B73BF256BDA}.Debug|Mixed Platforms.Build.0 = Debug|Any CPU
		{96AEBBEE-4203-45F3-BCF5-7B73BF256BDA}.Release + XML|.NET.ActiveCfg = Release|Any CPU
		{96AEBBEE-4203-45F3-BCF5-7B73BF256BDA}.Release + XML|Any CPU.ActiveCfg = Release|Any CPU
		{96AEBBEE-4203-45F3-BCF5-7B73BF256BDA}.Release + XML|Any CPU.Build.0 = Release|Any CPU
		{96AEBBEE-4203-45F3-BCF5-7B73BF256BDA}.Release + XML|Mixed Platforms.ActiveCfg = Release|Any CPU
		{96AEBBEE-4203-45F3-BCF5-7B73BF256BDA}.Release + XML|Mixed Platforms.Build.0 = Release|Any CPU
		{96AEBBEE-4203-45F3-BCF5-7B73BF256BDA}.Release|.NET.ActiveCfg = Release|Any CPU
		{96AEBBEE-4203-45F3-BCF5-7B73BF256BDA}.Release|Any CPU.ActiveCfg = Release|Any CPU
		{96AEBBEE-4203-45F3-BCF5-7B73BF256BDA}.Release|Any CPU.Build.0 = Release|Any CPU
		{96AEBBEE-4203-45F3-BCF5-7B73BF256BDA}.Release|Mixed Platforms.ActiveCfg = Release|Any CPU
		{96AEBBEE-4203-45F3-BCF5-7B73BF256BDA}.Release|Mixed Platforms.Build.0 = Release|Any CPU
		{37AF0385-5824-489C-9C52-78874C6455FD}.Debug + Code Analysis|.NET.ActiveCfg = Debug|Any CPU
		{37AF0385-5824-489C-9C52-78874C6455FD}.Debug + Code Analysis|Any CPU.ActiveCfg = Debug|Any CPU
		{37AF0385-5824-489C-9C52-78874C6455FD}.Debug + Code Analysis|Any CPU.Build.0 = Debug|Any CPU
		{37AF0385-5824-489C-9C52-78874C6455FD}.Debug + Code Analysis|Mixed Platforms.ActiveCfg = Debug|Any CPU
		{37AF0385-5824-489C-9C52-78874C6455FD}.Debug + Code Analysis|Mixed Platforms.Build.0 = Debug|Any CPU
		{37AF0385-5824-489C-9C52-78874C6455FD}.Debug|.NET.ActiveCfg = Debug|Any CPU
		{37AF0385-5824-489C-9C52-78874C6455FD}.Debug|Any CPU.ActiveCfg = Debug|Any CPU
		{37AF0385-5824-489C-9C52-78874C6455FD}.Debug|Any CPU.Build.0 = Debug|Any CPU
		{37AF0385-5824-489C-9C52-78874C6455FD}.Debug|Mixed Platforms.ActiveCfg = Debug|Any CPU
		{37AF0385-5824-489C-9C52-78874C6455FD}.Debug|Mixed Platforms.Build.0 = Debug|Any CPU
		{37AF0385-5824-489C-9C52-78874C6455FD}.Release + XML|.NET.ActiveCfg = Release|Any CPU
		{37AF0385-5824-489C-9C52-78874C6455FD}.Release + XML|Any CPU.ActiveCfg = Release|Any CPU
		{37AF0385-5824-489C-9C52-78874C6455FD}.Release + XML|Any CPU.Build.0 = Release|Any CPU
		{37AF0385-5824-489C-9C52-78874C6455FD}.Release + XML|Mixed Platforms.ActiveCfg = Release|Any CPU
		{37AF0385-5824-489C-9C52-78874C6455FD}.Release + XML|Mixed Platforms.Build.0 = Release|Any CPU
		{37AF0385-5824-489C-9C52-78874C6455FD}.Release|.NET.ActiveCfg = Release|Any CPU
		{37AF0385-5824-489C-9C52-78874C6455FD}.Release|Any CPU.ActiveCfg = Release|Any CPU
		{37AF0385-5824-489C-9C52-78874C6455FD}.Release|Any CPU.Build.0 = Release|Any CPU
		{37AF0385-5824-489C-9C52-78874C6455FD}.Release|Mixed Platforms.ActiveCfg = Release|Any CPU
		{37AF0385-5824-489C-9C52-78874C6455FD}.Release|Mixed Platforms.Build.0 = Release|Any CPU
		{1D15C2A9-7D08-4BA6-B307-BDE0CA8AF1CB}.Debug + Code Analysis|.NET.ActiveCfg = Debug|Any CPU
		{1D15C2A9-7D08-4BA6-B307-BDE0CA8AF1CB}.Debug + Code Analysis|Any CPU.ActiveCfg = Debug|Any CPU
		{1D15C2A9-7D08-4BA6-B307-BDE0CA8AF1CB}.Debug + Code Analysis|Any CPU.Build.0 = Debug|Any CPU
		{1D15C2A9-7D08-4BA6-B307-BDE0CA8AF1CB}.Debug + Code Analysis|Mixed Platforms.ActiveCfg = Debug|Any CPU
		{1D15C2A9-7D08-4BA6-B307-BDE0CA8AF1CB}.Debug + Code Analysis|Mixed Platforms.Build.0 = Debug|Any CPU
		{1D15C2A9-7D08-4BA6-B307-BDE0CA8AF1CB}.Debug|.NET.ActiveCfg = Debug|Any CPU
		{1D15C2A9-7D08-4BA6-B307-BDE0CA8AF1CB}.Debug|Any CPU.ActiveCfg = Debug|Any CPU
		{1D15C2A9-7D08-4BA6-B307-BDE0CA8AF1CB}.Debug|Any CPU.Build.0 = Debug|Any CPU
		{1D15C2A9-7D08-4BA6-B307-BDE0CA8AF1CB}.Debug|Mixed Platforms.ActiveCfg = Debug|Any CPU
		{1D15C2A9-7D08-4BA6-B307-BDE0CA8AF1CB}.Debug|Mixed Platforms.Build.0 = Debug|Any CPU
		{1D15C2A9-7D08-4BA6-B307-BDE0CA8AF1CB}.Release + XML|.NET.ActiveCfg = Release|Any CPU
		{1D15C2A9-7D08-4BA6-B307-BDE0CA8AF1CB}.Release + XML|Any CPU.ActiveCfg = Release|Any CPU
		{1D15C2A9-7D08-4BA6-B307-BDE0CA8AF1CB}.Release + XML|Any CPU.Build.0 = Release|Any CPU
		{1D15C2A9-7D08-4BA6-B307-BDE0CA8AF1CB}.Release + XML|Mixed Platforms.ActiveCfg = Release|Any CPU
		{1D15C2A9-7D08-4BA6-B307-BDE0CA8AF1CB}.Release + XML|Mixed Platforms.Build.0 = Release|Any CPU
		{1D15C2A9-7D08-4BA6-B307-BDE0CA8AF1CB}.Release|.NET.ActiveCfg = Release|Any CPU
		{1D15C2A9-7D08-4BA6-B307-BDE0CA8AF1CB}.Release|Any CPU.ActiveCfg = Release|Any CPU
		{1D15C2A9-7D08-4BA6-B307-BDE0CA8AF1CB}.Release|Any CPU.Build.0 = Release|Any CPU
		{1D15C2A9-7D08-4BA6-B307-BDE0CA8AF1CB}.Release|Mixed Platforms.ActiveCfg = Release|Any CPU
		{1D15C2A9-7D08-4BA6-B307-BDE0CA8AF1CB}.Release|Mixed Platforms.Build.0 = Release|Any CPU
		{1E5EA7C4-F07E-4CC2-8F43-F247FC99E599}.Debug + Code Analysis|.NET.ActiveCfg = Debug + Code Analysis|Any CPU
		{1E5EA7C4-F07E-4CC2-8F43-F247FC99E599}.Debug + Code Analysis|Any CPU.ActiveCfg = Debug + Code Analysis|Any CPU
		{1E5EA7C4-F07E-4CC2-8F43-F247FC99E599}.Debug + Code Analysis|Any CPU.Build.0 = Debug + Code Analysis|Any CPU
		{1E5EA7C4-F07E-4CC2-8F43-F247FC99E599}.Debug + Code Analysis|Mixed Platforms.ActiveCfg = Debug + Code Analysis|Any CPU
		{1E5EA7C4-F07E-4CC2-8F43-F247FC99E599}.Debug + Code Analysis|Mixed Platforms.Build.0 = Debug + Code Analysis|Any CPU
		{1E5EA7C4-F07E-4CC2-8F43-F247FC99E599}.Debug|.NET.ActiveCfg = Debug|Any CPU
		{1E5EA7C4-F07E-4CC2-8F43-F247FC99E599}.Debug|Any CPU.ActiveCfg = Debug|Any CPU
		{1E5EA7C4-F07E-4CC2-8F43-F247FC99E599}.Debug|Any CPU.Build.0 = Debug|Any CPU
		{1E5EA7C4-F07E-4CC2-8F43-F247FC99E599}.Debug|Mixed Platforms.ActiveCfg = Debug|Any CPU
		{1E5EA7C4-F07E-4CC2-8F43-F247FC99E599}.Debug|Mixed Platforms.Build.0 = Debug|Any CPU
		{1E5EA7C4-F07E-4CC2-8F43-F247FC99E599}.Release + XML|.NET.ActiveCfg = Release + XML|Any CPU
		{1E5EA7C4-F07E-4CC2-8F43-F247FC99E599}.Release + XML|Any CPU.ActiveCfg = Release + XML|Any CPU
		{1E5EA7C4-F07E-4CC2-8F43-F247FC99E599}.Release + XML|Any CPU.Build.0 = Release + XML|Any CPU
		{1E5EA7C4-F07E-4CC2-8F43-F247FC99E599}.Release + XML|Mixed Platforms.ActiveCfg = Release + XML|Any CPU
		{1E5EA7C4-F07E-4CC2-8F43-F247FC99E599}.Release + XML|Mixed Platforms.Build.0 = Release + XML|Any CPU
		{1E5EA7C4-F07E-4CC2-8F43-F247FC99E599}.Release|.NET.ActiveCfg = Release|Any CPU
		{1E5EA7C4-F07E-4CC2-8F43-F247FC99E599}.Release|Any CPU.ActiveCfg = Release|Any CPU
		{1E5EA7C4-F07E-4CC2-8F43-F247FC99E599}.Release|Any CPU.Build.0 = Release|Any CPU
		{1E5EA7C4-F07E-4CC2-8F43-F247FC99E599}.Release|Mixed Platforms.ActiveCfg = Release|Any CPU
		{1E5EA7C4-F07E-4CC2-8F43-F247FC99E599}.Release|Mixed Platforms.Build.0 = Release|Any CPU
		{80FC18B6-13DC-4D8F-8007-8D2CD08D1B5B}.Debug + Code Analysis|.NET.ActiveCfg = Debug|Any CPU
		{80FC18B6-13DC-4D8F-8007-8D2CD08D1B5B}.Debug + Code Analysis|Any CPU.ActiveCfg = Debug|Any CPU
		{80FC18B6-13DC-4D8F-8007-8D2CD08D1B5B}.Debug + Code Analysis|Any CPU.Build.0 = Debug|Any CPU
		{80FC18B6-13DC-4D8F-8007-8D2CD08D1B5B}.Debug + Code Analysis|Mixed Platforms.ActiveCfg = Debug|Any CPU
		{80FC18B6-13DC-4D8F-8007-8D2CD08D1B5B}.Debug + Code Analysis|Mixed Platforms.Build.0 = Debug|Any CPU
		{80FC18B6-13DC-4D8F-8007-8D2CD08D1B5B}.Debug|.NET.ActiveCfg = Debug|Any CPU
		{80FC18B6-13DC-4D8F-8007-8D2CD08D1B5B}.Debug|Any CPU.ActiveCfg = Debug|Any CPU
		{80FC18B6-13DC-4D8F-8007-8D2CD08D1B5B}.Debug|Any CPU.Build.0 = Debug|Any CPU
		{80FC18B6-13DC-4D8F-8007-8D2CD08D1B5B}.Debug|Mixed Platforms.ActiveCfg = Debug|Any CPU
		{80FC18B6-13DC-4D8F-8007-8D2CD08D1B5B}.Debug|Mixed Platforms.Build.0 = Debug|Any CPU
		{80FC18B6-13DC-4D8F-8007-8D2CD08D1B5B}.Release + XML|.NET.ActiveCfg = Release|Any CPU
		{80FC18B6-13DC-4D8F-8007-8D2CD08D1B5B}.Release + XML|Any CPU.ActiveCfg = Release|Any CPU
		{80FC18B6-13DC-4D8F-8007-8D2CD08D1B5B}.Release + XML|Any CPU.Build.0 = Release|Any CPU
		{80FC18B6-13DC-4D8F-8007-8D2CD08D1B5B}.Release + XML|Mixed Platforms.ActiveCfg = Release|Any CPU
		{80FC18B6-13DC-4D8F-8007-8D2CD08D1B5B}.Release + XML|Mixed Platforms.Build.0 = Release|Any CPU
		{80FC18B6-13DC-4D8F-8007-8D2CD08D1B5B}.Release|.NET.ActiveCfg = Release|Any CPU
		{80FC18B6-13DC-4D8F-8007-8D2CD08D1B5B}.Release|Any CPU.ActiveCfg = Release|Any CPU
		{80FC18B6-13DC-4D8F-8007-8D2CD08D1B5B}.Release|Any CPU.Build.0 = Release|Any CPU
		{80FC18B6-13DC-4D8F-8007-8D2CD08D1B5B}.Release|Mixed Platforms.ActiveCfg = Release|Any CPU
		{80FC18B6-13DC-4D8F-8007-8D2CD08D1B5B}.Release|Mixed Platforms.Build.0 = Release|Any CPU
		{A7C2CFAA-F1C9-4224-905D-3B62E3A1E2EB}.Debug + Code Analysis|.NET.ActiveCfg = Debug|Any CPU
		{A7C2CFAA-F1C9-4224-905D-3B62E3A1E2EB}.Debug + Code Analysis|Any CPU.ActiveCfg = Debug|Any CPU
		{A7C2CFAA-F1C9-4224-905D-3B62E3A1E2EB}.Debug + Code Analysis|Any CPU.Build.0 = Debug|Any CPU
		{A7C2CFAA-F1C9-4224-905D-3B62E3A1E2EB}.Debug + Code Analysis|Mixed Platforms.ActiveCfg = Debug|Any CPU
		{A7C2CFAA-F1C9-4224-905D-3B62E3A1E2EB}.Debug + Code Analysis|Mixed Platforms.Build.0 = Debug|Any CPU
		{A7C2CFAA-F1C9-4224-905D-3B62E3A1E2EB}.Debug|.NET.ActiveCfg = Debug|Any CPU
		{A7C2CFAA-F1C9-4224-905D-3B62E3A1E2EB}.Debug|Any CPU.ActiveCfg = Debug|Any CPU
		{A7C2CFAA-F1C9-4224-905D-3B62E3A1E2EB}.Debug|Any CPU.Build.0 = Debug|Any CPU
		{A7C2CFAA-F1C9-4224-905D-3B62E3A1E2EB}.Debug|Mixed Platforms.ActiveCfg = Debug|Any CPU
		{A7C2CFAA-F1C9-4224-905D-3B62E3A1E2EB}.Debug|Mixed Platforms.Build.0 = Debug|Any CPU
		{A7C2CFAA-F1C9-4224-905D-3B62E3A1E2EB}.Release + XML|.NET.ActiveCfg = Release|Any CPU
		{A7C2CFAA-F1C9-4224-905D-3B62E3A1E2EB}.Release + XML|Any CPU.ActiveCfg = Release|Any CPU
		{A7C2CFAA-F1C9-4224-905D-3B62E3A1E2EB}.Release + XML|Any CPU.Build.0 = Release|Any CPU
		{A7C2CFAA-F1C9-4224-905D-3B62E3A1E2EB}.Release + XML|Mixed Platforms.ActiveCfg = Release|Any CPU
		{A7C2CFAA-F1C9-4224-905D-3B62E3A1E2EB}.Release + XML|Mixed Platforms.Build.0 = Release|Any CPU
		{A7C2CFAA-F1C9-4224-905D-3B62E3A1E2EB}.Release|.NET.ActiveCfg = Release|Any CPU
		{A7C2CFAA-F1C9-4224-905D-3B62E3A1E2EB}.Release|Any CPU.ActiveCfg = Release|Any CPU
		{A7C2CFAA-F1C9-4224-905D-3B62E3A1E2EB}.Release|Any CPU.Build.0 = Release|Any CPU
		{A7C2CFAA-F1C9-4224-905D-3B62E3A1E2EB}.Release|Mixed Platforms.ActiveCfg = Release|Any CPU
		{A7C2CFAA-F1C9-4224-905D-3B62E3A1E2EB}.Release|Mixed Platforms.Build.0 = Release|Any CPU
	EndGlobalSection
	GlobalSection(SolutionProperties) = preSolution
		HideSolutionNode = FALSE
	EndGlobalSection
	GlobalSection(NestedProjects) = preSolution
		{96AEBBEE-4203-45F3-BCF5-7B73BF256BDA} = {9D588276-580C-4518-9BC2-128853E828DF}
		{1D15C2A9-7D08-4BA6-B307-BDE0CA8AF1CB} = {9D588276-580C-4518-9BC2-128853E828DF}
		{6C521E72-8B2E-4311-85A0-26846D669B99} = {CEB9D21D-AFCF-4152-8C93-016BB2F9A2AE}
		{EBC41808-A652-4AA3-BD00-BBB6BD45E8A6} = {CEB9D21D-AFCF-4152-8C93-016BB2F9A2AE}
		{4FBE4352-5718-421D-95F7-2187A932F475} = {8AEEF231-5811-4FBE-8A50-DDB3BD878668}
		{37AF0385-5824-489C-9C52-78874C6455FD} = {8AEEF231-5811-4FBE-8A50-DDB3BD878668}
		{1E5EA7C4-F07E-4CC2-8F43-F247FC99E599} = {5E728304-0269-4320-B81E-34188864522D}
		{80FC18B6-13DC-4D8F-8007-8D2CD08D1B5B} = {5E728304-0269-4320-B81E-34188864522D}
		{A7C2CFAA-F1C9-4224-905D-3B62E3A1E2EB} = {5E728304-0269-4320-B81E-34188864522D}
	EndGlobalSection
EndGlobal
