
Microsoft Visual Studio Solution File, Format Version 9.00
# Visual Studio 2005
Project("{FAE04EC0-301F-11D3-BF4B-00C04F79EFBC}") = "Genetibase.Debug.NuGenPExplore", "Genetibase.Debug.NuGenPExplore.csproj", "{4A6A483F-721A-45E7-8A5D-098672BC8F95}"
EndProject
Global
	GlobalSection(SolutionConfigurationPlatforms) = preSolution
		Debug|Any CPU = Debug|Any CPU
		Release|Any CPU = Release|Any CPU
	EndGlobalSection
	GlobalSection(ProjectConfigurationPlatforms) = postSolution
		{4A6A483F-721A-45E7-8A5D-098672BC8F95}.Debug|Any CPU.ActiveCfg = Debug|Any CPU
		{4A6A483F-721A-45E7-8A5D-098672BC8F95}.Debug|Any CPU.Build.0 = Debug|Any CPU
		{4A6A483F-721A-45E7-8A5D-098672BC8F95}.Release|Any CPU.ActiveCfg = Release|Any CPU
		{4A6A483F-721A-45E7-8A5D-098672BC8F95}.Release|Any CPU.Build.0 = Release|Any CPU
	EndGlobalSection
	GlobalSection(SolutionProperties) = preSolution
		HideSolutionNode = FALSE
	EndGlobalSection
EndGlobal
