
Microsoft Visual Studio Solution File, Format Version 9.00
# Visual Studio 2005
Project("{FAE04EC0-301F-11D3-BF4B-00C04F79EFBC}") = "Genetibase.UI.NuGenInterface.Demo", "Genetibase.UI.NuGenInterface.Demo\Genetibase.UI.NuGenInterface.Demo.csproj", "{2864FC90-D8BC-4C0F-B37C-FA27189AE52D}"
EndProject
Project("{FAE04EC0-301F-11D3-BF4B-00C04F79EFBC}") = "Genetibase.UI.NuGenInterface", "Genetibase.UI.NuGenInterface\Genetibase.UI.NuGenInterface.csproj", "{EE8F32CF-42C9-4233-8EB4-9FC1FC3867BC}"
EndProject
Project("{FAE04EC0-301F-11D3-BF4B-00C04F79EFBC}") = "Genetibase.Design", "..\Genetibase.Design\Genetibase.Design.csproj", "{50EE44FC-D51B-471E-A199-15621498ECA7}"
EndProject
Project("{FAE04EC0-301F-11D3-BF4B-00C04F79EFBC}") = "Genetibase.Shared", "..\Genetibase.Shared\Genetibase.Shared.csproj", "{A7A02558-58A0-4333-BFAF-77CB49DE17F0}"
EndProject
Project("{FAE04EC0-301F-11D3-BF4B-00C04F79EFBC}") = "Genetibase.Shared.Tests", "..\Genetibase.Shared.Tests\Genetibase.Shared.Tests.csproj", "{9BB5FF25-149E-4E2E-A475-D9045835A364}"
EndProject
Project("{FAE04EC0-301F-11D3-BF4B-00C04F79EFBC}") = "Genetibase.Win32", "..\Genetibase.Win32\Genetibase.Win32.csproj", "{8E94E64C-52F7-4865-ACF1-3FEC8F61B531}"
EndProject
Project("{FAE04EC0-301F-11D3-BF4B-00C04F79EFBC}") = "Genetibase.Win32.Tests", "..\Genetibase.Win32.Tests\Genetibase.Win32.Tests.csproj", "{3B5E713C-C38D-431F-A00C-D749023FC0BA}"
EndProject
Project("{FAE04EC0-301F-11D3-BF4B-00C04F79EFBC}") = "Genetibase.UI.NuGenInterface.Tests", "Genetibase.UI.NuGenInterface.Tests\Genetibase.UI.NuGenInterface.Tests.csproj", "{64D165D3-8240-4144-963D-8876F125AD18}"
EndProject
Global
	GlobalSection(TextTemplating) = postSolution
		TextTemplating = 1
	EndGlobalSection
	GlobalSection(SolutionConfigurationPlatforms) = preSolution
		Debug|Any CPU = Debug|Any CPU
		Release|Any CPU = Release|Any CPU
	EndGlobalSection
	GlobalSection(ProjectConfigurationPlatforms) = postSolution
		{2864FC90-D8BC-4C0F-B37C-FA27189AE52D}.Debug|Any CPU.ActiveCfg = Debug|Any CPU
		{2864FC90-D8BC-4C0F-B37C-FA27189AE52D}.Debug|Any CPU.Build.0 = Debug|Any CPU
		{2864FC90-D8BC-4C0F-B37C-FA27189AE52D}.Release|Any CPU.ActiveCfg = Release|Any CPU
		{2864FC90-D8BC-4C0F-B37C-FA27189AE52D}.Release|Any CPU.Build.0 = Release|Any CPU
		{EE8F32CF-42C9-4233-8EB4-9FC1FC3867BC}.Debug|Any CPU.ActiveCfg = Debug|Any CPU
		{EE8F32CF-42C9-4233-8EB4-9FC1FC3867BC}.Debug|Any CPU.Build.0 = Debug|Any CPU
		{EE8F32CF-42C9-4233-8EB4-9FC1FC3867BC}.Release|Any CPU.ActiveCfg = Release|Any CPU
		{EE8F32CF-42C9-4233-8EB4-9FC1FC3867BC}.Release|Any CPU.Build.0 = Release|Any CPU
		{50EE44FC-D51B-471E-A199-15621498ECA7}.Debug|Any CPU.ActiveCfg = Debug|Any CPU
		{50EE44FC-D51B-471E-A199-15621498ECA7}.Debug|Any CPU.Build.0 = Debug|Any CPU
		{50EE44FC-D51B-471E-A199-15621498ECA7}.Release|Any CPU.ActiveCfg = Release|Any CPU
		{50EE44FC-D51B-471E-A199-15621498ECA7}.Release|Any CPU.Build.0 = Release|Any CPU
		{A7A02558-58A0-4333-BFAF-77CB49DE17F0}.Debug|Any CPU.ActiveCfg = Debug|Any CPU
		{A7A02558-58A0-4333-BFAF-77CB49DE17F0}.Debug|Any CPU.Build.0 = Debug|Any CPU
		{A7A02558-58A0-4333-BFAF-77CB49DE17F0}.Release|Any CPU.ActiveCfg = Release|Any CPU
		{A7A02558-58A0-4333-BFAF-77CB49DE17F0}.Release|Any CPU.Build.0 = Release|Any CPU
		{9BB5FF25-149E-4E2E-A475-D9045835A364}.Debug|Any CPU.ActiveCfg = Debug|Any CPU
		{9BB5FF25-149E-4E2E-A475-D9045835A364}.Debug|Any CPU.Build.0 = Debug|Any CPU
		{9BB5FF25-149E-4E2E-A475-D9045835A364}.Release|Any CPU.ActiveCfg = Release|Any CPU
		{9BB5FF25-149E-4E2E-A475-D9045835A364}.Release|Any CPU.Build.0 = Release|Any CPU
		{8E94E64C-52F7-4865-ACF1-3FEC8F61B531}.Debug|Any CPU.ActiveCfg = Debug|Any CPU
		{8E94E64C-52F7-4865-ACF1-3FEC8F61B531}.Debug|Any CPU.Build.0 = Debug|Any CPU
		{8E94E64C-52F7-4865-ACF1-3FEC8F61B531}.Release|Any CPU.ActiveCfg = Release|Any CPU
		{8E94E64C-52F7-4865-ACF1-3FEC8F61B531}.Release|Any CPU.Build.0 = Release|Any CPU
		{3B5E713C-C38D-431F-A00C-D749023FC0BA}.Debug|Any CPU.ActiveCfg = Debug|Any CPU
		{3B5E713C-C38D-431F-A00C-D749023FC0BA}.Debug|Any CPU.Build.0 = Debug|Any CPU
		{3B5E713C-C38D-431F-A00C-D749023FC0BA}.Release|Any CPU.ActiveCfg = Release|Any CPU
		{3B5E713C-C38D-431F-A00C-D749023FC0BA}.Release|Any CPU.Build.0 = Release|Any CPU
		{64D165D3-8240-4144-963D-8876F125AD18}.Debug|Any CPU.ActiveCfg = Debug|Any CPU
		{64D165D3-8240-4144-963D-8876F125AD18}.Debug|Any CPU.Build.0 = Debug|Any CPU
		{64D165D3-8240-4144-963D-8876F125AD18}.Release|Any CPU.ActiveCfg = Release|Any CPU
		{64D165D3-8240-4144-963D-8876F125AD18}.Release|Any CPU.Build.0 = Release|Any CPU
	EndGlobalSection
	GlobalSection(SolutionProperties) = preSolution
		HideSolutionNode = FALSE
	EndGlobalSection
EndGlobal
