
Microsoft Visual Studio Solution File, Format Version 9.00
# Visual Studio 2005
Project("{FAE04EC0-301F-11D3-BF4B-00C04F79EFBC}") = "GetHardwareInfo", "GetHardwareInfo.csproj", "{F80735EA-986A-4BCE-8E15-34195ED01176}"
EndProject
Global
	GlobalSection(SolutionConfigurationPlatforms) = preSolution
		Debug|Any CPU = Debug|Any CPU
		Release|Any CPU = Release|Any CPU
	EndGlobalSection
	GlobalSection(ProjectConfigurationPlatforms) = postSolution
		{F80735EA-986A-4BCE-8E15-34195ED01176}.Debug|Any CPU.ActiveCfg = Debug|Any CPU
		{F80735EA-986A-4BCE-8E15-34195ED01176}.Debug|Any CPU.Build.0 = Debug|Any CPU
		{F80735EA-986A-4BCE-8E15-34195ED01176}.Release|Any CPU.ActiveCfg = Release|Any CPU
		{F80735EA-986A-4BCE-8E15-34195ED01176}.Release|Any CPU.Build.0 = Release|Any CPU
	EndGlobalSection
	GlobalSection(SolutionProperties) = preSolution
		HideSolutionNode = FALSE
	EndGlobalSection
EndGlobal
