Microsoft Visual Studio Solution File, Format Version 8.00
Project("{FAE04EC0-301F-11D3-BF4B-00C04F79EFBC}") = "FPlot", "FPlot.csproj", "{F2CC2147-34B2-4A67-8D18-4891F3E3F9C2}"
	ProjectSection(ProjectDependencies) = postProject
		{BD66017E-09AD-4380-BE2F-F88D1B472F27} = {BD66017E-09AD-4380-BE2F-F88D1B472F27}
	EndProjectSection
EndProject
Project("{FAE04EC0-301F-11D3-BF4B-00C04F79EFBC}") = "FPlotLibrary", "..\FPlotLibrary\FPlotLibrary.csproj", "{BD66017E-09AD-4380-BE2F-F88D1B472F27}"
	ProjectSection(ProjectDependencies) = postProject
	EndProjectSection
EndProject
Project("{54435603-DBB4-11D2-8724-00A0C9A8B90C}") = "FPlotSetup", "..\FPlotSetup\FPlotSetup.vdproj", "{BA92CF7C-E536-40B4-85FE-6DB47140C3E9}"
	ProjectSection(ProjectDependencies) = postProject
	EndProjectSection
EndProject
Project("{FAE04EC0-301F-11D3-BF4B-00C04F79EFBC}") = "FPlotDemo", "..\FPlotDemo\FPlotDemo.csproj", "{E2B37BE6-A8F1-455F-A96A-7B2BD736C6C9}"
	ProjectSection(ProjectDependencies) = postProject
	EndProjectSection
EndProject
Global
	GlobalSection(SolutionConfiguration) = preSolution
		Debug = Debug
		Release = Release
	EndGlobalSection
	GlobalSection(ProjectConfiguration) = postSolution
		{F2CC2147-34B2-4A67-8D18-4891F3E3F9C2}.Debug.ActiveCfg = Debug|.NET
		{F2CC2147-34B2-4A67-8D18-4891F3E3F9C2}.Debug.Build.0 = Debug|.NET
		{F2CC2147-34B2-4A67-8D18-4891F3E3F9C2}.Release.ActiveCfg = Release|.NET
		{F2CC2147-34B2-4A67-8D18-4891F3E3F9C2}.Release.Build.0 = Release|.NET
		{BD66017E-09AD-4380-BE2F-F88D1B472F27}.Debug.ActiveCfg = Debug|.NET
		{BD66017E-09AD-4380-BE2F-F88D1B472F27}.Debug.Build.0 = Debug|.NET
		{BD66017E-09AD-4380-BE2F-F88D1B472F27}.Release.ActiveCfg = Release|.NET
		{BD66017E-09AD-4380-BE2F-F88D1B472F27}.Release.Build.0 = Release|.NET
		{BA92CF7C-E536-40B4-85FE-6DB47140C3E9}.Debug.ActiveCfg = Debug
		{BA92CF7C-E536-40B4-85FE-6DB47140C3E9}.Release.ActiveCfg = Release
		{E2B37BE6-A8F1-455F-A96A-7B2BD736C6C9}.Debug.ActiveCfg = Debug|.NET
		{E2B37BE6-A8F1-455F-A96A-7B2BD736C6C9}.Debug.Build.0 = Debug|.NET
		{E2B37BE6-A8F1-455F-A96A-7B2BD736C6C9}.Release.ActiveCfg = Release|.NET
		{E2B37BE6-A8F1-455F-A96A-7B2BD736C6C9}.Release.Build.0 = Release|.NET
	EndGlobalSection
	GlobalSection(ExtensibilityGlobals) = postSolution
	EndGlobalSection
	GlobalSection(ExtensibilityAddIns) = postSolution
	EndGlobalSection
EndGlobal
