
Microsoft Visual Studio Solution File, Format Version 9.00
# Visual Studio 2005
Project("{FAE04EC0-301F-11D3-BF4B-00C04F79EFBC}") = "Genetibase.UI.NuGenRulerX", "Genetibase.UI.NuGenRulerX\Genetibase.UI.NuGenRulerX.csproj", "{B6121865-AE2B-422D-B3B1-CEE2F8710252}"
EndProject
Global
	GlobalSection(SolutionConfigurationPlatforms) = preSolution
		Debug|Any CPU = Debug|Any CPU
		Release|Any CPU = Release|Any CPU
	EndGlobalSection
	GlobalSection(ProjectConfigurationPlatforms) = postSolution
		{B6121865-AE2B-422D-B3B1-CEE2F8710252}.Debug|Any CPU.ActiveCfg = Debug|Any CPU
		{B6121865-AE2B-422D-B3B1-CEE2F8710252}.Debug|Any CPU.Build.0 = Debug|Any CPU
		{B6121865-AE2B-422D-B3B1-CEE2F8710252}.Release|Any CPU.ActiveCfg = Release|Any CPU
		{B6121865-AE2B-422D-B3B1-CEE2F8710252}.Release|Any CPU.Build.0 = Release|Any CPU
	EndGlobalSection
	GlobalSection(SolutionProperties) = preSolution
		HideSolutionNode = FALSE
	EndGlobalSection
EndGlobal
