
Microsoft Visual Studio Solution File, Format Version 9.00
# Visual Studio 2005
Project("{FAE04EC0-301F-11D3-BF4B-00C04F79EFBC}") = "Genetibase.ApplicationBlocks", "Genetibase.ApplicationBlocks\Genetibase.ApplicationBlocks.csproj", "{C7B70FD9-1B0D-4927-A31E-442F9790A2F3}"
	ProjectSection(WebsiteProperties) = preProject
		Debug.AspNetCompiler.Debug = "True"
		Release.AspNetCompiler.Debug = "False"
	EndProjectSection
EndProject
Project("{FAE04EC0-301F-11D3-BF4B-00C04F79EFBC}") = "Genetibase.Shared", "..\Genetibase.Shared\Genetibase.Shared.csproj", "{A7A02558-58A0-4333-BFAF-77CB49DE17F0}"
	ProjectSection(WebsiteProperties) = preProject
		Debug.AspNetCompiler.Debug = "True"
		Release.AspNetCompiler.Debug = "False"
	EndProjectSection
EndProject
Project("{FAE04EC0-301F-11D3-BF4B-00C04F79EFBC}") = "Genetibase.Win32", "..\Genetibase.Win32\Genetibase.Win32.csproj", "{8E94E64C-52F7-4865-ACF1-3FEC8F61B531}"
	ProjectSection(WebsiteProperties) = preProject
		Debug.AspNetCompiler.Debug = "True"
		Release.AspNetCompiler.Debug = "False"
	EndProjectSection
EndProject
Project("{FAE04EC0-301F-11D3-BF4B-00C04F79EFBC}") = "Genetibase.ApplicationBlocks.Demo", "Genetibase.ApplicationBlocks.Demo\Genetibase.ApplicationBlocks.Demo.csproj", "{F527B98A-32CF-4F17-B832-FD0159F19E32}"
	ProjectSection(WebsiteProperties) = preProject
		Debug.AspNetCompiler.Debug = "True"
		Release.AspNetCompiler.Debug = "False"
	EndProjectSection
EndProject
Project("{FAE04EC0-301F-11D3-BF4B-00C04F79EFBC}") = "Genetibase.Controls", "..\Genetibase.Controls\Genetibase.Controls.csproj", "{45800074-EE30-4DBA-82EA-AB5FC52394CF}"
	ProjectSection(WebsiteProperties) = preProject
		Debug.AspNetCompiler.Debug = "True"
		Release.AspNetCompiler.Debug = "False"
	EndProjectSection
EndProject
Project("{FAE04EC0-301F-11D3-BF4B-00C04F79EFBC}") = "Genetibase.Design", "..\Genetibase.Design\Genetibase.Design.csproj", "{50EE44FC-D51B-471E-A199-15621498ECA7}"
	ProjectSection(WebsiteProperties) = preProject
		Debug.AspNetCompiler.Debug = "True"
		Release.AspNetCompiler.Debug = "False"
	EndProjectSection
EndProject
Global
	GlobalSection(SolutionConfigurationPlatforms) = preSolution
		Debug|Any CPU = Debug|Any CPU
		Release|Any CPU = Release|Any CPU
	EndGlobalSection
	GlobalSection(ProjectConfigurationPlatforms) = postSolution
		{C7B70FD9-1B0D-4927-A31E-442F9790A2F3}.Debug|Any CPU.ActiveCfg = Debug|Any CPU
		{C7B70FD9-1B0D-4927-A31E-442F9790A2F3}.Debug|Any CPU.Build.0 = Debug|Any CPU
		{C7B70FD9-1B0D-4927-A31E-442F9790A2F3}.Release|Any CPU.ActiveCfg = Release|Any CPU
		{C7B70FD9-1B0D-4927-A31E-442F9790A2F3}.Release|Any CPU.Build.0 = Release|Any CPU
		{A7A02558-58A0-4333-BFAF-77CB49DE17F0}.Debug|Any CPU.ActiveCfg = Debug|Any CPU
		{A7A02558-58A0-4333-BFAF-77CB49DE17F0}.Debug|Any CPU.Build.0 = Debug|Any CPU
		{A7A02558-58A0-4333-BFAF-77CB49DE17F0}.Release|Any CPU.ActiveCfg = Release|Any CPU
		{A7A02558-58A0-4333-BFAF-77CB49DE17F0}.Release|Any CPU.Build.0 = Release|Any CPU
		{8E94E64C-52F7-4865-ACF1-3FEC8F61B531}.Debug|Any CPU.ActiveCfg = Debug|Any CPU
		{8E94E64C-52F7-4865-ACF1-3FEC8F61B531}.Debug|Any CPU.Build.0 = Debug|Any CPU
		{8E94E64C-52F7-4865-ACF1-3FEC8F61B531}.Release|Any CPU.ActiveCfg = Release|Any CPU
		{8E94E64C-52F7-4865-ACF1-3FEC8F61B531}.Release|Any CPU.Build.0 = Release|Any CPU
		{F527B98A-32CF-4F17-B832-FD0159F19E32}.Debug|Any CPU.ActiveCfg = Debug|Any CPU
		{F527B98A-32CF-4F17-B832-FD0159F19E32}.Debug|Any CPU.Build.0 = Debug|Any CPU
		{F527B98A-32CF-4F17-B832-FD0159F19E32}.Release|Any CPU.ActiveCfg = Release|Any CPU
		{F527B98A-32CF-4F17-B832-FD0159F19E32}.Release|Any CPU.Build.0 = Release|Any CPU
		{45800074-EE30-4DBA-82EA-AB5FC52394CF}.Debug|Any CPU.ActiveCfg = Debug|Any CPU
		{45800074-EE30-4DBA-82EA-AB5FC52394CF}.Debug|Any CPU.Build.0 = Debug|Any CPU
		{45800074-EE30-4DBA-82EA-AB5FC52394CF}.Release|Any CPU.ActiveCfg = Release|Any CPU
		{45800074-EE30-4DBA-82EA-AB5FC52394CF}.Release|Any CPU.Build.0 = Release|Any CPU
		{50EE44FC-D51B-471E-A199-15621498ECA7}.Debug|Any CPU.ActiveCfg = Debug|Any CPU
		{50EE44FC-D51B-471E-A199-15621498ECA7}.Debug|Any CPU.Build.0 = Debug|Any CPU
		{50EE44FC-D51B-471E-A199-15621498ECA7}.Release|Any CPU.ActiveCfg = Release|Any CPU
		{50EE44FC-D51B-471E-A199-15621498ECA7}.Release|Any CPU.Build.0 = Release|Any CPU
	EndGlobalSection
	GlobalSection(SolutionProperties) = preSolution
		HideSolutionNode = FALSE
	EndGlobalSection
	GlobalSection(TextTemplating) = postSolution
		TextTemplating = 1
	EndGlobalSection
EndGlobal
